# -------------------------------------------------------------------------- #
#
# Copyright (C) 1991-2010 Altera Corporation
# Your use of Altera Corporation's design tools, logic functions
# and other software and tools, and its AMPP partner logic
# functions, and any output files from any of the foregoing
# (including device programming or simulation files), and any
# associated documentation or information are expressly subject
# to the terms and conditions of the Altera Program License
# Subscription Agreement, Altera MegaCore Function License
# Agreement, or other applicable license agreement, including,
# without limitation, that your use is for the sole purpose of
# programming logic devices manufactured by Altera and sold by
# Altera or its authorized distributors.  Please refer to the
# applicable agreement for further details.
#
# -------------------------------------------------------------------------- #
#
# Quartus II
# Version 9.1 Build 304 01/25/2010 Service Pack 1 SJ Web Edition
# Date created = 10:50:11  October 29, 2010
#
# -------------------------------------------------------------------------- #
#
# Notes:
#
# 1) The default values for assignments are stored in the file:
#		PSEC4_eval_assignment_defaults.qdf
#    If this file doesn't exist, see file:
#		assignment_defaults.qdf
#
# 2) Altera recommends that you do not modify this file. This
#    file is updated automatically by the Quartus II software
#    and any changes you make may be lost or overwritten.
#
# -------------------------------------------------------------------------- #


set_global_assignment -name FAMILY "Cyclone III"
set_global_assignment -name DEVICE EP3C25Q240C8
set_global_assignment -name TOP_LEVEL_ENTITY psec4a_eval_top
set_global_assignment -name USE_GENERATED_PHYSICAL_CONSTRAINTS OFF -section_id eda_blast_fpga
set_global_assignment -name MIN_CORE_JUNCTION_TEMP 0
set_global_assignment -name MAX_CORE_JUNCTION_TEMP 85
set_global_assignment -name NOMINAL_CORE_SUPPLY_VOLTAGE 1.2V


set_location_assignment PIN_107 -to led_0
set_location_assignment PIN_106 -to led_1
set_location_assignment PIN_109 -to led_2
set_location_assignment PIN_189 -to USB_SPARE
set_location_assignment PIN_186 -to USB_PA[7]
set_location_assignment PIN_187 -to USB_PA[6]
set_location_assignment PIN_201 -to USB_PA[5]
set_location_assignment PIN_194 -to USB_PA[4]
set_location_assignment PIN_196 -to USB_PA[3]
set_location_assignment PIN_203 -to USB_PA[2]
set_location_assignment PIN_214 -to USB_PA[1]
set_location_assignment PIN_197 -to USB_PA[0]
set_location_assignment PIN_202 -to USB_CTL[2]
set_location_assignment PIN_217 -to USB_CTL[1]
set_location_assignment PIN_188 -to USB_CTL[0]
set_location_assignment PIN_200 -to USB_RDY[1]
set_location_assignment PIN_216 -to USB_RDY[0]
set_location_assignment PIN_207 -to USB_IFCLK
set_location_assignment PIN_52 -to DACone[4]
set_location_assignment PIN_94 -to DACone[3]
set_location_assignment PIN_239 -to DACone[2]
set_location_assignment PIN_240 -to DACone[1]
set_location_assignment PIN_98 -to DACone[0]
set_location_assignment PIN_21 -to DACtwo[4]
set_location_assignment PIN_13 -to DACtwo[3]
set_location_assignment PIN_22 -to DACtwo[2]
set_location_assignment PIN_38 -to DACtwo[1]
set_location_assignment PIN_37 -to DACtwo[0]
set_location_assignment PIN_224 -to USB_FD[15]
set_location_assignment PIN_235 -to USB_FD[14]
set_location_assignment PIN_226 -to USB_FD[13]
set_location_assignment PIN_231 -to USB_FD[12]
set_location_assignment PIN_233 -to USB_FD[11]
set_location_assignment PIN_232 -to USB_FD[10]
set_location_assignment PIN_221 -to USB_FD[9]
set_location_assignment PIN_223 -to USB_FD[8]
set_location_assignment PIN_237 -to USB_FD[7]
set_location_assignment PIN_218 -to USB_FD[6]
set_location_assignment PIN_234 -to USB_FD[5]
set_location_assignment PIN_236 -to USB_FD[4]
set_location_assignment PIN_6 -to USB_FD[3]
set_location_assignment PIN_4 -to USB_FD[2]
set_location_assignment PIN_230 -to USB_FD[1]
set_location_assignment PIN_5 -to USB_FD[0]
set_location_assignment PIN_31 -to master_clock
set_location_assignment PIN_92 -to USB_CLKOUT
set_location_assignment PIN_12 -to ~ALTERA_ASDO_DATA1~
set_location_assignment PIN_14 -to ~ALTERA_FLASH_nCE_nCSO~
set_location_assignment PIN_23 -to ~ALTERA_DCLK~
set_location_assignment PIN_24 -to ~ALTERA_DATA0~
set_location_assignment PIN_162 -to ~ALTERA_nCEO~
set_global_assignment -name CYCLONEIII_CONFIGURATION_DEVICE EPCS64
set_global_assignment -name FORCE_CONFIGURATION_VCCIO ON
set_global_assignment -name RESERVE_ALL_UNUSED_PINS_WEAK_PULLUP "AS OUTPUT DRIVING GROUND"
set_location_assignment PIN_99 -to Ext_Trg_In
set_instance_assignment -name IO_STANDARD "1.2 V" -to asic_CHANdecode
set_instance_assignment -name IO_STANDARD "1.2 V" -to asic_COMPtest_out
set_instance_assignment -name IO_STANDARD "1.2 V" -to asic_copyMclk
set_instance_assignment -name IO_STANDARD "1.2 V" -to asic_D
set_instance_assignment -name IO_STANDARD "1.2 V" -to asic_RDclk2
set_instance_assignment -name IO_STANDARD "1.2 V" -to asic_Rofan_mon
set_instance_assignment -name IO_STANDARD "1.2 V" -to asic_sDAT_test
set_instance_assignment -name IO_STANDARD "1.2 V" -to asic_TOKdecode
set_instance_assignment -name IO_STANDARD "1.2 V" -to asic_TOKin
set_instance_assignment -name IO_STANDARD "1.2 V" -to asic_TOKout
set_instance_assignment -name IO_STANDARD "1.2 V" -to asic_TRIGGER
set_location_assignment PIN_70 -to asic_copyMclk
set_location_assignment PIN_143 -to asic_RDclk2
set_location_assignment PIN_173 -to asic_COMPtest_out
set_location_assignment PIN_139 -to asic_sDAT_test
set_location_assignment PIN_80 -to asic_TOKout[2]
set_location_assignment PIN_78 -to asic_TOKout[1]
set_location_assignment PIN_81 -to asic_Rofan_mon
set_global_assignment -name USE_CONFIGURATION_DEVICE ON
set_global_assignment -name STRATIX_DEVICE_IO_STANDARD "3.0-V LVTTL"
set_global_assignment -name ENABLE_SIGNALTAP ON
#set_instance_assignment -name PARTITION_HIERARCHY root_partition -to | -section_id Top
set_global_assignment -name IOBANK_VCCIO 3.0V -section_id 2
set_global_assignment -name LAST_QUARTUS_VERSION 12.1
set_instance_assignment -name IO_STANDARD "1.2 V" -to psec4a_write_clk_i
set_location_assignment PIN_69 -to psec4a_write_clk_i
set_instance_assignment -name IO_STANDARD "1.2 V" -to psec4a_vcdl_output_i
set_location_assignment PIN_149 -to psec4a_vcdl_output_i
set_instance_assignment -name IO_STANDARD "1.2 V" -to FPGA_aux_io
set_location_assignment PIN_150 -to FPGA_aux_io
set_instance_assignment -name IO_STANDARD "1.2 V" -to psec4a_read_clk_o
set_location_assignment PIN_145 -to psec4a_read_clk_o
set_location_assignment PIN_87 -to psec4a_d_i[0]
set_instance_assignment -name IO_STANDARD "1.2 V" -to psec4a_d_i[0]
set_location_assignment PIN_83 -to psec4a_d_i[1]
set_location_assignment PIN_82 -to psec4a_d_i[2]
set_instance_assignment -name IO_STANDARD "1.2 V" -to psec4a_d_i[1]
set_instance_assignment -name IO_STANDARD "1.2 V" -to psec4a_d_i[2]
set_location_assignment PIN_126 -to psec4a_d_i[3]
set_location_assignment PIN_176 -to psec4a_d_i[4]
set_location_assignment PIN_68 -to psec4a_d_i[5]
set_location_assignment PIN_135 -to psec4a_d_i[6]
set_location_assignment PIN_148 -to psec4a_d_i[7]
set_location_assignment PIN_64 -to psec4a_d_i[8]
set_location_assignment PIN_133 -to psec4a_d_i[9]
set_instance_assignment -name IO_STANDARD "1.2 V" -to psec4a_d_i[3]
set_instance_assignment -name IO_STANDARD "1.2 V" -to psec4a_d_i[4]
set_instance_assignment -name IO_STANDARD "1.2 V" -to psec4a_d_i[9]
set_instance_assignment -name IO_STANDARD "1.2 V" -to psec4a_d_i[5]
set_instance_assignment -name IO_STANDARD "1.2 V" -to psec4a_d_i[6]
set_instance_assignment -name IO_STANDARD "1.2 V" -to psec4a_d_i[7]
set_instance_assignment -name IO_STANDARD "1.2 V" -to psec4a_d_i[8]
set_location_assignment PIN_168 -to psec4a_d_i[10]
set_location_assignment PIN_71 -to psec4a_xferadr_o[0]
set_instance_assignment -name IO_STANDARD "1.2 V" -to psec4a_d_i[10]
set_instance_assignment -name IO_STANDARD "1.2 V" -to psec4a_xferadr_o[0]
set_instance_assignment -name IO_STANDARD "1.2 V" -to psec4a_xferadr_o[1]
set_location_assignment PIN_134 -to psec4a_xferadr_o[1]
set_instance_assignment -name IO_STANDARD "1.2 V" -to psec4a_xferadr_o[2]
set_location_assignment PIN_88 -to psec4a_xferadr_o[2]
set_instance_assignment -name IO_STANDARD "1.2 V" -to psec4a_xferadr_o[3]
set_location_assignment PIN_144 -to psec4a_xferadr_o[3]
set_instance_assignment -name IO_STANDARD "1.2 V" -to psec4a_latchsel_o[0]
set_location_assignment PIN_72 -to psec4a_latchsel_o[0]
set_instance_assignment -name IO_STANDARD "1.2 V" -to psec4a_latchsel_o[1]
set_location_assignment PIN_167 -to psec4a_latchsel_o[1]
set_instance_assignment -name IO_STANDARD "1.2 V" -to psec4a_latchsel_o[2]
set_location_assignment PIN_84 -to psec4a_latchsel_o[2]
set_instance_assignment -name IO_STANDARD "1.2 V" -to psec4a_latchsel_o[3]
set_location_assignment PIN_76 -to psec4a_latchsel_o[3]
set_instance_assignment -name IO_STANDARD "1.2 V" -to psec4a_dllspeed_o
set_location_assignment PIN_146 -to psec4a_dllspeed_o
set_instance_assignment -name IO_STANDARD "1.2 V" -to psec4a_ringosc_en_o
set_location_assignment PIN_73 -to psec4a_ringosc_en_o
set_instance_assignment -name IO_STANDARD "1.2 V" -to psec4a_ringosc_mon_i
set_location_assignment PIN_142 -to psec4a_ringosc_mon_i
set_location_assignment PIN_161 -to psec4a_trigger_i[0]
set_location_assignment PIN_152 -to psec4a_trigger_i[2]
set_location_assignment PIN_166 -to psec4a_trigger_i[1]
set_location_assignment PIN_151 -to psec4a_trigger_i[3]
set_location_assignment PIN_137 -to psec4a_trigger_i[5]
set_location_assignment PIN_128 -to psec4a_trigger_i[4]
set_instance_assignment -name IO_STANDARD "1.2 V" -to psec4a_trigger_i[4]
set_instance_assignment -name IO_STANDARD "1.2 V" -to psec4a_trigger_i[0]
set_instance_assignment -name IO_STANDARD "1.2 V" -to psec4a_trigger_i[2]
set_instance_assignment -name IO_STANDARD "1.2 V" -to psec4a_trigger_i[1]
set_instance_assignment -name IO_STANDARD "1.2 V" -to psec4a_trigger_i[3]
set_instance_assignment -name IO_STANDARD "1.2 V" -to psec4a_trigger_i[5]
set_location_assignment PIN_127 -to psec4a_compsel_o[0]
set_location_assignment PIN_177 -to psec4a_compsel_o[1]
set_location_assignment PIN_65 -to psec4a_compsel_o[2]
set_instance_assignment -name IO_STANDARD "1.2 V" -to psec4a_compsel_o[0]
set_instance_assignment -name IO_STANDARD "1.2 V" -to psec4a_compsel_o[1]
set_instance_assignment -name IO_STANDARD "1.2 V" -to psec4a_compsel_o[2]
set_location_assignment PIN_159 -to psec4a_chansel_o[0]
set_location_assignment PIN_160 -to psec4a_chansel_o[1]
set_location_assignment PIN_169 -to psec4a_chansel_o[2]
set_instance_assignment -name IO_STANDARD "1.2 V" -to psec4a_chansel_o[0]
set_instance_assignment -name IO_STANDARD "1.2 V" -to psec4a_chansel_o[1]
set_instance_assignment -name IO_STANDARD "1.2 V" -to psec4a_chansel_o[2]
set_instance_assignment -name IO_STANDARD "1.2 V" -to psec4a_rampstart_o
set_location_assignment PIN_63 -to psec4a_rampstart_o
set_instance_assignment -name IO_STANDARD "1.2 V" -to psec4a_dllstart_o
set_location_assignment PIN_132 -to psec4a_dllstart_o
set_instance_assignment -name IO_STANDARD "1.2 V" -to psec4a_reset_xfer_en_o
set_location_assignment PIN_171 -to psec4a_reset_xfer_en_o
set_instance_assignment -name IO_STANDARD "1.2 V" -to psec4a_sclk_o
set_location_assignment PIN_164 -to psec4a_sclk_o
set_location_assignment PIN_131 -to psec4a_sle_o
set_location_assignment PIN_147 -to psec4a_sdat_o
set_instance_assignment -name IO_STANDARD "1.2 V" -to psec4a_sle_o
set_instance_assignment -name IO_STANDARD "1.2 V" -to psec4a_sdat_o
set_location_assignment PIN_95 -to debug[2]
set_location_assignment PIN_238 -to debug[3]
set_location_assignment PIN_50 -to debug[16]
set_location_assignment PIN_39 -to debug[7]
set_location_assignment PIN_93 -to debug[5]
set_location_assignment PIN_49 -to debug[14]
set_location_assignment PIN_219 -to debug[4]
set_location_assignment PIN_56 -to debug[17]
set_location_assignment PIN_45 -to debug[13]
set_location_assignment PIN_43 -to debug[11]
set_location_assignment PIN_18 -to debug[9]
set_location_assignment PIN_55 -to debug[6]
set_location_assignment PIN_44 -to debug[19]
set_location_assignment PIN_51 -to debug[15]
set_location_assignment PIN_9 -to debug[10]
set_location_assignment PIN_46 -to debug[18]
set_location_assignment PIN_41 -to debug[8]
set_location_assignment PIN_57 -to debug[12]
set_global_assignment -name PARTITION_NETLIST_TYPE SOURCE -section_id Top
set_global_assignment -name PARTITION_FITTER_PRESERVATION_LEVEL PLACEMENT_AND_ROUTING -section_id Top
set_global_assignment -name PARTITION_COLOR 16764057 -section_id Top
set_location_assignment PIN_195 -to USB_WAKEUP_n
set_global_assignment -name SEARCH_PATH "c:\\users\\eric\\desktop\\psec4a-eval-firmware\\rtl\\verilog_lib"
set_global_assignment -name SEARCH_PATH "c:\\users\\eric\\desktop\\psec4a-eval-firmware\\rtl"
set_global_assignment -name SEARCH_PATH "c:\\users\\eric\\desktop\\psec4a-eval-firmware\\rtl\\usb"
set_global_assignment -name VHDL_FILE ../rtl/Slow_Clocks.vhd
set_global_assignment -name VERILOG_FILE ../rtl/verilog_lib/signal_sync.v
set_global_assignment -name VERILOG_FILE ../rtl/verilog_lib/flag_sync.v
set_global_assignment -name VHDL_FILE ../rtl/usb/usb.vhd
set_global_assignment -name VHDL_FILE ../rtl/usb/iobuf.vhd
set_global_assignment -name VHDL_FILE ../rtl/psec4a_eval_top.vhd
set_global_assignment -name QIP_FILE ../rtl/usb/iobuf.qip
set_global_assignment -name QIP_FILE ../rtl/pll0.qip
set_global_assignment -name VHDL_FILE ../rtl/reset.vhd
set_global_assignment -name VHDL_FILE ../rtl/psec4a_serial.vhd
set_global_assignment -name VHDL_FILE ../rtl/defs.vhd
set_global_assignment -name VHDL_FILE ../rtl/spi_write.vhd
set_global_assignment -name VHDL_FILE ../rtl/registers.vhd
set_global_assignment -name VHDL_FILE ../rtl/pulse_stretcher_sync.vhd
set_global_assignment -name VHDL_FILE ../rtl/rdout_controller.vhd
set_global_assignment -name USE_SIGNALTAP_FILE "../tap-psec4a-serial.stp"
set_global_assignment -name SIGNALTAP_FILE "../tap-psec4a-serial.stp"
set_global_assignment -name SLD_NODE_CREATOR_ID 110 -section_id auto_signaltap_0
set_global_assignment -name SLD_NODE_ENTITY_NAME sld_signaltap -section_id auto_signaltap_0
set_instance_assignment -name CONNECT_TO_SLD_NODE_ENTITY_PORT acq_clk -to "psec4a_serial:xPSEC4A_SERIAL|clk_i" -section_id auto_signaltap_0
set_global_assignment -name SLD_NODE_PARAMETER_ASSIGNMENT "SLD_NODE_INFO=805334528" -section_id auto_signaltap_0
set_global_assignment -name SLD_NODE_PARAMETER_ASSIGNMENT "SLD_POWER_UP_TRIGGER=0" -section_id auto_signaltap_0
set_global_assignment -name SLD_NODE_PARAMETER_ASSIGNMENT "SLD_STORAGE_QUALIFIER_INVERSION_MASK_LENGTH=0" -section_id auto_signaltap_0
set_global_assignment -name SLD_NODE_PARAMETER_ASSIGNMENT "SLD_SEGMENT_SIZE=1024" -section_id auto_signaltap_0
set_global_assignment -name SLD_NODE_PARAMETER_ASSIGNMENT "SLD_ATTRIBUTE_MEM_MODE=OFF" -section_id auto_signaltap_0
set_global_assignment -name SLD_NODE_PARAMETER_ASSIGNMENT "SLD_STATE_FLOW_USE_GENERATED=0" -section_id auto_signaltap_0
set_global_assignment -name SLD_NODE_PARAMETER_ASSIGNMENT "SLD_STATE_BITS=11" -section_id auto_signaltap_0
set_global_assignment -name SLD_NODE_PARAMETER_ASSIGNMENT "SLD_BUFFER_FULL_STOP=1" -section_id auto_signaltap_0
set_global_assignment -name SLD_NODE_PARAMETER_ASSIGNMENT "SLD_CURRENT_RESOURCE_WIDTH=1" -section_id auto_signaltap_0
set_global_assignment -name SLD_NODE_PARAMETER_ASSIGNMENT "SLD_TRIGGER_LEVEL=1" -section_id auto_signaltap_0
set_global_assignment -name SLD_NODE_PARAMETER_ASSIGNMENT "SLD_SAMPLE_DEPTH=1024" -section_id auto_signaltap_0
set_global_assignment -name SLD_NODE_PARAMETER_ASSIGNMENT "SLD_TRIGGER_IN_ENABLED=0" -section_id auto_signaltap_0
set_global_assignment -name SLD_NODE_PARAMETER_ASSIGNMENT "SLD_ADVANCED_TRIGGER_ENTITY=basic,1," -section_id auto_signaltap_0
set_global_assignment -name SLD_NODE_PARAMETER_ASSIGNMENT "SLD_TRIGGER_LEVEL_PIPELINE=1" -section_id auto_signaltap_0
set_global_assignment -name SLD_NODE_PARAMETER_ASSIGNMENT "SLD_ENABLE_ADVANCED_TRIGGER=0" -section_id auto_signaltap_0
set_instance_assignment -name CONNECT_TO_SLD_NODE_ENTITY_PORT acq_trigger_in[0] -to psec4a_dllspeed_o -section_id auto_signaltap_0
set_instance_assignment -name CONNECT_TO_SLD_NODE_ENTITY_PORT acq_data_in[0] -to psec4a_dllspeed_o -section_id auto_signaltap_0
set_instance_assignment -name CONNECT_TO_SLD_NODE_ENTITY_PORT acq_trigger_in[1] -to psec4a_reset_xfer_en_o -section_id auto_signaltap_0
set_instance_assignment -name CONNECT_TO_SLD_NODE_ENTITY_PORT acq_trigger_in[2] -to psec4a_ringosc_mon_i -section_id auto_signaltap_0
set_instance_assignment -name CONNECT_TO_SLD_NODE_ENTITY_PORT acq_trigger_in[3] -to "psec4a_serial:xPSEC4A_SERIAL|rst_i" -section_id auto_signaltap_0
set_instance_assignment -name CONNECT_TO_SLD_NODE_ENTITY_PORT acq_trigger_in[4] -to "psec4a_serial:xPSEC4A_SERIAL|serial_clk_o" -section_id auto_signaltap_0
set_instance_assignment -name CONNECT_TO_SLD_NODE_ENTITY_PORT acq_trigger_in[5] -to "psec4a_serial:xPSEC4A_SERIAL|serial_dat_o" -section_id auto_signaltap_0
set_instance_assignment -name CONNECT_TO_SLD_NODE_ENTITY_PORT acq_trigger_in[6] -to "psec4a_serial:xPSEC4A_SERIAL|serial_le_o" -section_id auto_signaltap_0
set_instance_assignment -name CONNECT_TO_SLD_NODE_ENTITY_PORT acq_trigger_in[7] -to "psec4a_serial:xPSEC4A_SERIAL|spi_write:xSPI_WRITE|done_o" -section_id auto_signaltap_0
set_instance_assignment -name CONNECT_TO_SLD_NODE_ENTITY_PORT acq_trigger_in[8] -to "psec4a_serial:xPSEC4A_SERIAL|write_i" -section_id auto_signaltap_0
set_instance_assignment -name CONNECT_TO_SLD_NODE_ENTITY_PORT acq_data_in[1] -to psec4a_reset_xfer_en_o -section_id auto_signaltap_0
set_instance_assignment -name CONNECT_TO_SLD_NODE_ENTITY_PORT acq_data_in[2] -to psec4a_ringosc_mon_i -section_id auto_signaltap_0
set_instance_assignment -name CONNECT_TO_SLD_NODE_ENTITY_PORT acq_data_in[3] -to "psec4a_serial:xPSEC4A_SERIAL|rst_i" -section_id auto_signaltap_0
set_instance_assignment -name CONNECT_TO_SLD_NODE_ENTITY_PORT acq_data_in[4] -to "psec4a_serial:xPSEC4A_SERIAL|serial_clk_o" -section_id auto_signaltap_0
set_instance_assignment -name CONNECT_TO_SLD_NODE_ENTITY_PORT acq_data_in[5] -to "psec4a_serial:xPSEC4A_SERIAL|serial_dat_o" -section_id auto_signaltap_0
set_instance_assignment -name CONNECT_TO_SLD_NODE_ENTITY_PORT acq_data_in[6] -to "psec4a_serial:xPSEC4A_SERIAL|serial_le_o" -section_id auto_signaltap_0
set_instance_assignment -name CONNECT_TO_SLD_NODE_ENTITY_PORT acq_data_in[7] -to "psec4a_serial:xPSEC4A_SERIAL|spi_write:xSPI_WRITE|done_o" -section_id auto_signaltap_0
set_instance_assignment -name CONNECT_TO_SLD_NODE_ENTITY_PORT acq_data_in[8] -to "psec4a_serial:xPSEC4A_SERIAL|write_i" -section_id auto_signaltap_0
set_global_assignment -name SLD_NODE_PARAMETER_ASSIGNMENT "SLD_DATA_BITS=9" -section_id auto_signaltap_0
set_global_assignment -name SLD_NODE_PARAMETER_ASSIGNMENT "SLD_TRIGGER_BITS=9" -section_id auto_signaltap_0
set_global_assignment -name SLD_NODE_PARAMETER_ASSIGNMENT "SLD_INVERSION_MASK=000000000000000000000000000000000000000000000000000" -section_id auto_signaltap_0
set_global_assignment -name SLD_NODE_PARAMETER_ASSIGNMENT "SLD_INVERSION_MASK_LENGTH=51" -section_id auto_signaltap_0
set_global_assignment -name SLD_NODE_PARAMETER_ASSIGNMENT "SLD_NODE_CRC_LOWORD=17797" -section_id auto_signaltap_0
set_global_assignment -name SLD_NODE_PARAMETER_ASSIGNMENT "SLD_NODE_CRC_HIWORD=54520" -section_id auto_signaltap_0
set_global_assignment -name VHDL_FILE ../rtl/psec4a_core.vhd
set_global_assignment -name VHDL_FILE ../rtl/DAC_SERIALIZER.vhd
set_global_assignment -name VHDL_FILE ../rtl/DAC_MAIN_LTC2600.vhd
set_instance_assignment -name PARTITION_HIERARCHY root_partition -to | -section_id Top